
Microsoft Visual Studio Solution File, Format Version 12.00
# Visual Studio Version 17
VisualStudioVersion = 17.14.36623.8 d17.14
MinimumVisualStudioVersion = 10.0.40219.1
Project("{54A90642-561A-4BB1-A94E-469ADEE60C69}") = "abwaab.client", "abwaab.client\abwaab.client.esproj", "{33DFD36C-C0FA-87A8-AD29-26CD8F50ECC6}"
EndProject
Project("{FAE04EC0-301F-11D3-BF4B-00C04F79EFBC}") = "Abwaab.Server", "Abwaab.Server\Abwaab.Server.csproj", "{2EFAC15A-45DA-4A86-8ADA-F8AEA9B415CF}"
EndProject
Project("{FAE04EC0-301F-11D3-BF4B-00C04F79EFBC}") = "Abwaab.Domain", "Abwaab.Domain\Abwaab.Domain.csproj", "{B683D78A-EA16-4770-8944-0837F1CE0EAA}"
EndProject
Project("{FAE04EC0-301F-11D3-BF4B-00C04F79EFBC}") = "Abwaab.Application", "Abwaab.Application\Abwaab.Application.csproj", "{529B288C-96ED-4E03-B7B8-3AF2AAF1D940}"
EndProject
Project("{FAE04EC0-301F-11D3-BF4B-00C04F79EFBC}") = "Abwaab.Infrastructure", "Abwaab.Infrastructure\Abwaab.Infrastructure.csproj", "{053EFDC7-C269-4914-BFA5-AF9C5FFC804D}"
EndProject
Global
	GlobalSection(SolutionConfigurationPlatforms) = preSolution
		Debug|Any CPU = Debug|Any CPU
		Release|Any CPU = Release|Any CPU
	EndGlobalSection
	GlobalSection(ProjectConfigurationPlatforms) = postSolution
		{33DFD36C-C0FA-87A8-AD29-26CD8F50ECC6}.Debug|Any CPU.ActiveCfg = Debug|Any CPU
		{33DFD36C-C0FA-87A8-AD29-26CD8F50ECC6}.Debug|Any CPU.Build.0 = Debug|Any CPU
		{33DFD36C-C0FA-87A8-AD29-26CD8F50ECC6}.Debug|Any CPU.Deploy.0 = Debug|Any CPU
		{33DFD36C-C0FA-87A8-AD29-26CD8F50ECC6}.Release|Any CPU.ActiveCfg = Release|Any CPU
		{33DFD36C-C0FA-87A8-AD29-26CD8F50ECC6}.Release|Any CPU.Build.0 = Release|Any CPU
		{33DFD36C-C0FA-87A8-AD29-26CD8F50ECC6}.Release|Any CPU.Deploy.0 = Release|Any CPU
		{2EFAC15A-45DA-4A86-8ADA-F8AEA9B415CF}.Debug|Any CPU.ActiveCfg = Debug|Any CPU
		{2EFAC15A-45DA-4A86-8ADA-F8AEA9B415CF}.Debug|Any CPU.Build.0 = Debug|Any CPU
		{2EFAC15A-45DA-4A86-8ADA-F8AEA9B415CF}.Release|Any CPU.ActiveCfg = Release|Any CPU
		{2EFAC15A-45DA-4A86-8ADA-F8AEA9B415CF}.Release|Any CPU.Build.0 = Release|Any CPU
		{B683D78A-EA16-4770-8944-0837F1CE0EAA}.Debug|Any CPU.ActiveCfg = Debug|Any CPU
		{B683D78A-EA16-4770-8944-0837F1CE0EAA}.Debug|Any CPU.Build.0 = Debug|Any CPU
		{B683D78A-EA16-4770-8944-0837F1CE0EAA}.Release|Any CPU.ActiveCfg = Release|Any CPU
		{B683D78A-EA16-4770-8944-0837F1CE0EAA}.Release|Any CPU.Build.0 = Release|Any CPU
		{529B288C-96ED-4E03-B7B8-3AF2AAF1D940}.Debug|Any CPU.ActiveCfg = Debug|Any CPU
		{529B288C-96ED-4E03-B7B8-3AF2AAF1D940}.Debug|Any CPU.Build.0 = Debug|Any CPU
		{529B288C-96ED-4E03-B7B8-3AF2AAF1D940}.Release|Any CPU.ActiveCfg = Release|Any CPU
		{529B288C-96ED-4E03-B7B8-3AF2AAF1D940}.Release|Any CPU.Build.0 = Release|Any CPU
		{053EFDC7-C269-4914-BFA5-AF9C5FFC804D}.Debug|Any CPU.ActiveCfg = Debug|Any CPU
		{053EFDC7-C269-4914-BFA5-AF9C5FFC804D}.Debug|Any CPU.Build.0 = Debug|Any CPU
		{053EFDC7-C269-4914-BFA5-AF9C5FFC804D}.Release|Any CPU.ActiveCfg = Release|Any CPU
		{053EFDC7-C269-4914-BFA5-AF9C5FFC804D}.Release|Any CPU.Build.0 = Release|Any CPU
	EndGlobalSection
	GlobalSection(SolutionProperties) = preSolution
		HideSolutionNode = FALSE
	EndGlobalSection
	GlobalSection(ExtensibilityGlobals) = postSolution
		SolutionGuid = {BF5AE977-3264-4254-97A2-F5BE1B1A3401}
	EndGlobalSection
EndGlobal
